Microsoft Visual Studio Solution File, Format Version 12.00
# Visual Studio Version 17
VisualStudioVersion = 17.5.2.0
MinimumVisualStudioVersion = 10.0.40219.1
Project("{2150E333-8FDC-42A3-9474-1A3956D46DE8}") = "Finished", "Finished", "{B8031A34-B0AE-8DE2-16B1-DD24E562D97B}"
EndProject
Project("{2150E333-8FDC-42A3-9474-1A3956D46DE8}") = "Start", "Start", "{0DDFEE7A-7BCD-3041-7B42-1A6119DEFF0B}"
EndProject
Project("{2150E333-8FDC-42A3-9474-1A3956D46DE8}") = "Classes", "Classes", "{D272F246-5BA5-448E-EF95-9F656E321FD4}"
EndProject
Project("{FAE04EC0-301F-11D3-BF4B-00C04F79EFBC}") = "Defining", "Finished\Classes\Defining\Defining.csproj", "{7EEEE8E4-5522-FA34-BD3A-4EE5AF94D8A2}"
EndProject
Project("{FAE04EC0-301F-11D3-BF4B-00C04F79EFBC}") = "Inheritance", "Finished\Classes\Inheritance\Inheritance.csproj", "{A27658AE-290E-D8D3-0780-07E1A9DB45FF}"
EndProject
Project("{FAE04EC0-301F-11D3-BF4B-00C04F79EFBC}") = "Modifiers", "Finished\Classes\Modifiers\Modifiers.csproj", "{8F62CA4F-B3E4-AAEC-6110-B38EDD992A21}"
EndProject
Project("{FAE04EC0-301F-11D3-BF4B-00C04F79EFBC}") = "Properties", "Finished\Classes\Properties\Properties.csproj", "{A15F5FAF-E48B-E6B5-6F91-9431C148F2E4}"
EndProject
Project("{FAE04EC0-301F-11D3-BF4B-00C04F79EFBC}") = "StringRep", "Finished\Classes\StringRep\StringRep.csproj", "{34169D1E-0EA9-24A5-E200-B18D3835FA40}"
EndProject
Project("{2150E333-8FDC-42A3-9474-1A3956D46DE8}") = "Functions", "Functions", "{7C96D685-FCFA-954C-23CA-132BD53C2752}"
EndProject
Project("{FAE04EC0-301F-11D3-BF4B-00C04F79EFBC}") = "Basics", "Finished\Functions\Basics\Basics.csproj", "{E764444D-A70E-50F3-B402-AF7DBF0B755A}"
EndProject
Project("{FAE04EC0-301F-11D3-BF4B-00C04F79EFBC}") = "Params", "Finished\Functions\DefaultParams\Params.csproj", "{0E4D0396-5F6B-4420-9BD5-CFAEB1FCA2CB}"
EndProject
Project("{FAE04EC0-301F-11D3-BF4B-00C04F79EFBC}") = "MultiValues", "Finished\Functions\MultiValues\MultiValues.csproj", "{C4A01336-F050-79FD-D92E-55A0ABAD4D6C}"
EndProject
Project("{FAE04EC0-301F-11D3-BF4B-00C04F79EFBC}") = "RefAndOut", "Finished\Functions\RefAndOutParams\RefAndOut.csproj", "{AC6C308C-32CD-F638-25E7-889A7668CA09}"
EndProject
Project("{2150E333-8FDC-42A3-9474-1A3956D46DE8}") = "Overview", "Overview", "{74B04D3F-27BD-C251-1C92-4C095C6E30DC}"
EndProject
Project("{FAE04EC0-301F-11D3-BF4B-00C04F79EFBC}") = "Comments", "Finished\Overview\Comments\Comments.csproj", "{BAC4AEA0-DB08-C109-509F-F04C5AA5FB9E}"
EndProject
Project("{FAE04EC0-301F-11D3-BF4B-00C04F79EFBC}") = "HelloWorld", "Finished\Overview\HelloWorld\HelloWorld.csproj", "{A324EDE9-8D4B-E471-1221-E80F1F116B5F}"
EndProject
Project("{FAE04EC0-301F-11D3-BF4B-00C04F79EFBC}") = "Operators", "Finished\Overview\Operators\Operators.csproj", "{7A465456-7D9D-00BC-225D-81E0CF000401}"
EndProject
Project("{FAE04EC0-301F-11D3-BF4B-00C04F79EFBC}") = "VarsAndData", "Finished\Overview\VarsAndData\VarsAndData.csproj", "{910BA9FD-BDB7-1824-8EF7-201D1B5E4290}"
EndProject
Project("{2150E333-8FDC-42A3-9474-1A3956D46DE8}") = "Program Flow", "Program Flow", "{EE518D22-80C2-9416-A2AE-C9034F5999C8}"
EndProject
Project("{FAE04EC0-301F-11D3-BF4B-00C04F79EFBC}") = "BreakContinue", "Finished\Program Flow\BreakContinue\BreakContinue.csproj", "{B6498ED5-DD4D-BACB-65F6-0EC41B1751E4}"
EndProject
Project("{FAE04EC0-301F-11D3-BF4B-00C04F79EFBC}") = "Conditionals", "Finished\Program Flow\Conditional-if\Conditionals.csproj", "{D3490257-2B66-DD08-FA94-FFA59F553207}"
EndProject
Project("{FAE04EC0-301F-11D3-BF4B-00C04F79EFBC}") = "ConditionalOps", "Finished\Program Flow\Conditional-switch\ConditionalOps.csproj", "{AC8D6377-B5D9-33C6-42D6-AF1516B93B13}"
EndProject
Project("{FAE04EC0-301F-11D3-BF4B-00C04F79EFBC}") = "Exceptions", "Finished\Program Flow\Exceptions\Exceptions.csproj", "{3CF21859-61B1-3498-2D7A-EAEEAE2F5E12}"
EndProject
Project("{FAE04EC0-301F-11D3-BF4B-00C04F79EFBC}") = "ForLoops", "Finished\Program Flow\ForLoops\ForLoops.csproj", "{F84D00A9-5218-F022-46D2-E73F91FD0B28}"
EndProject
Project("{FAE04EC0-301F-11D3-BF4B-00C04F79EFBC}") = "WhileLoops", "Finished\Program Flow\WhileLoops\WhileLoops.csproj", "{1B278EF8-B3A1-B2A5-EB9A-34197899BBBB}"
EndProject
Project("{2150E333-8FDC-42A3-9474-1A3956D46DE8}") = "Strings", "Strings", "{2900E32E-50B6-EB50-67F4-4BA35538B39F}"
EndProject
Project("{FAE04EC0-301F-11D3-BF4B-00C04F79EFBC}") = "Builder", "Finished\Strings\Builder\Builder.csproj", "{A704D870-70E2-79EC-2DCF-FB8B0FB45AFA}"
EndProject
Project("{FAE04EC0-301F-11D3-BF4B-00C04F79EFBC}") = "Formatting", "Finished\Strings\Formatting\Formatting.csproj", "{C8E67FA0-CFBA-4FF9-910C-8BBC1CBF905E}"
EndProject
Project("{FAE04EC0-301F-11D3-BF4B-00C04F79EFBC}") = "Strings", "Finished\Strings\Interpolation\Strings.csproj", "{392C42A6-D931-7579-D5B2-C91F07921189}"
EndProject
Project("{FAE04EC0-301F-11D3-BF4B-00C04F79EFBC}") = "Operations", "Finished\Strings\Operations\Operations.csproj", "{6B3A24DE-D03B-E90A-A2ED-A47593CAA272}"
EndProject
Project("{FAE04EC0-301F-11D3-BF4B-00C04F79EFBC}") = "Parsing", "Finished\Strings\Parsing\Parsing.csproj", "{1833ECEF-A8DC-144E-988D-8440CB8DC2D5}"
EndProject
Project("{2150E333-8FDC-42A3-9474-1A3956D46DE8}") = "Classes", "Classes", "{EA163C4F-BFAF-52F2-0387-748D1E51EAB5}"
EndProject
Project("{FAE04EC0-301F-11D3-BF4B-00C04F79EFBC}") = "Defining", "Start\Classes\Defining\Defining.csproj", "{90057E05-3A5C-FE57-7402-B9266E924553}"
EndProject
Project("{FAE04EC0-301F-11D3-BF4B-00C04F79EFBC}") = "Inheritance", "Start\Classes\Inheritance\Inheritance.csproj", "{5D9AACB2-F094-28C0-B95F-DD99DD40FED5}"
EndProject
Project("{FAE04EC0-301F-11D3-BF4B-00C04F79EFBC}") = "Modifiers", "Start\Classes\Modifiers\Modifiers.csproj", "{AF8395BB-6874-5FB2-1E0A-5CDEE895BE98}"
EndProject
Project("{FAE04EC0-301F-11D3-BF4B-00C04F79EFBC}") = "Properties", "Start\Classes\Properties\Properties.csproj", "{86C688DE-FC2B-5472-FBDB-1E77E314B6CD}"
EndProject
Project("{FAE04EC0-301F-11D3-BF4B-00C04F79EFBC}") = "StringRep", "Start\Classes\StringRep\StringRep.csproj", "{36620239-D64F-7609-EE76-9AE7CFD02123}"
EndProject
Project("{2150E333-8FDC-42A3-9474-1A3956D46DE8}") = "Functions", "Functions", "{70EE7B51-9E3A-2FFC-4F57-5B83D94AB309}"
EndProject
Project("{FAE04EC0-301F-11D3-BF4B-00C04F79EFBC}") = "Basics", "Start\Functions\Basics\Basics.csproj", "{43C46941-6D66-5648-E303-D006B77D505D}"
EndProject
Project("{FAE04EC0-301F-11D3-BF4B-00C04F79EFBC}") = "Params", "Start\Functions\DefaultParams\Params.csproj", "{F875FA40-BFCB-DD51-CAC7-DD230B016E47}"
EndProject
Project("{FAE04EC0-301F-11D3-BF4B-00C04F79EFBC}") = "MultiValues", "Start\Functions\MultiValues\MultiValues.csproj", "{5370CC2C-F86B-D101-2EB8-92BDA1B6A3E3}"
EndProject
Project("{FAE04EC0-301F-11D3-BF4B-00C04F79EFBC}") = "RefAndOut", "Start\Functions\RefAndOutParams\RefAndOut.csproj", "{28559DDC-E36F-34DF-6C7E-3C598060F534}"
EndProject
Project("{2150E333-8FDC-42A3-9474-1A3956D46DE8}") = "Overview", "Overview", "{BA45FF27-446C-0A3A-3AE8-485EA8E02CF7}"
EndProject
Project("{FAE04EC0-301F-11D3-BF4B-00C04F79EFBC}") = "Comments", "Start\Overview\Comments\Comments.csproj", "{C53FEF0B-2D8C-0639-C0CD-F9F17B9513F4}"
EndProject
Project("{FAE04EC0-301F-11D3-BF4B-00C04F79EFBC}") = "Operators", "Start\Overview\Operators\Operators.csproj", "{2DA5B643-54CB-60AF-766E-EFA7A3153255}"
EndProject
Project("{FAE04EC0-301F-11D3-BF4B-00C04F79EFBC}") = "VarsAndData", "Start\Overview\VarsAndData\VarsAndData.csproj", "{1CB656FA-A68B-0E9D-D816-1997D2A4A3A8}"
EndProject
Project("{2150E333-8FDC-42A3-9474-1A3956D46DE8}") = "Program Flow", "Program Flow", "{F67DFE42-1881-2D64-E576-4D6212999C62}"
EndProject
Project("{FAE04EC0-301F-11D3-BF4B-00C04F79EFBC}") = "BreakContinue", "Start\Program Flow\BreakContinue\BreakContinue.csproj", "{9589D748-4A76-EF81-F3E6-E93F7C814CAF}"
EndProject
Project("{FAE04EC0-301F-11D3-BF4B-00C04F79EFBC}") = "Conditionals", "Start\Program Flow\Conditional-if\Conditionals.csproj", "{F29F8B5F-57CF-E830-628C-B194D36283C9}"
EndProject
Project("{FAE04EC0-301F-11D3-BF4B-00C04F79EFBC}") = "ConditionalOps", "Start\Program Flow\Conditional-switch\ConditionalOps.csproj", "{DF89CBDD-941B-EC25-A9BD-E498C6713E8C}"
EndProject
Project("{FAE04EC0-301F-11D3-BF4B-00C04F79EFBC}") = "Exceptions", "Start\Program Flow\Exceptions\Exceptions.csproj", "{2D112EBC-00A8-9A0B-5414-F8F0152C54E9}"
EndProject
Project("{FAE04EC0-301F-11D3-BF4B-00C04F79EFBC}") = "ForLoops", "Start\Program Flow\ForLoops\ForLoops.csproj", "{0DCEBAF5-EB66-56A4-43A2-51BABE9362A4}"
EndProject
Project("{FAE04EC0-301F-11D3-BF4B-00C04F79EFBC}") = "WhileLoops", "Start\Program Flow\WhileLoops\WhileLoops.csproj", "{CA0F9AA2-F033-31FD-D290-AFD12A29CDA1}"
EndProject
Project("{2150E333-8FDC-42A3-9474-1A3956D46DE8}") = "Strings", "Strings", "{4FCF4C49-E008-93BA-6C5E-BB5EA5D2A8FA}"
EndProject
Project("{FAE04EC0-301F-11D3-BF4B-00C04F79EFBC}") = "Builder", "Start\Strings\Builder\Builder.csproj", "{6D6F1E83-1090-16C9-7074-EADBA3A7488C}"
EndProject
Project("{FAE04EC0-301F-11D3-BF4B-00C04F79EFBC}") = "Formatting", "Start\Strings\Formatting\Formatting.csproj", "{159EDBD1-4C93-4BCA-57FB-4406D21CA061}"
EndProject
Project("{FAE04EC0-301F-11D3-BF4B-00C04F79EFBC}") = "Strings", "Start\Strings\Interpolation\Strings.csproj", "{2E956D46-D700-F4A3-509A-9B889920A190}"
EndProject
Project("{FAE04EC0-301F-11D3-BF4B-00C04F79EFBC}") = "Operations", "Start\Strings\Operations\Operations.csproj", "{B9DCA198-C79B-24BE-DE21-CC761E34110D}"
EndProject
Project("{FAE04EC0-301F-11D3-BF4B-00C04F79EFBC}") = "Parsing", "Start\Strings\Parsing\Parsing.csproj", "{EEADEB6B-3B69-AB6C-AE92-6AF5E901BA42}"
EndProject
Global
	GlobalSection(SolutionConfigurationPlatforms) = preSolution
		Debug|Any CPU = Debug|Any CPU
		Release|Any CPU = Release|Any CPU
	EndGlobalSection
	GlobalSection(ProjectConfigurationPlatforms) = postSolution
		{7EEEE8E4-5522-FA34-BD3A-4EE5AF94D8A2}.Debug|Any CPU.ActiveCfg = Debug|Any CPU
		{7EEEE8E4-5522-FA34-BD3A-4EE5AF94D8A2}.Debug|Any CPU.Build.0 = Debug|Any CPU
		{7EEEE8E4-5522-FA34-BD3A-4EE5AF94D8A2}.Release|Any CPU.ActiveCfg = Release|Any CPU
		{7EEEE8E4-5522-FA34-BD3A-4EE5AF94D8A2}.Release|Any CPU.Build.0 = Release|Any CPU
		{A27658AE-290E-D8D3-0780-07E1A9DB45FF}.Debug|Any CPU.ActiveCfg = Debug|Any CPU
		{A27658AE-290E-D8D3-0780-07E1A9DB45FF}.Debug|Any CPU.Build.0 = Debug|Any CPU
		{A27658AE-290E-D8D3-0780-07E1A9DB45FF}.Release|Any CPU.ActiveCfg = Release|Any CPU
		{A27658AE-290E-D8D3-0780-07E1A9DB45FF}.Release|Any CPU.Build.0 = Release|Any CPU
		{8F62CA4F-B3E4-AAEC-6110-B38EDD992A21}.Debug|Any CPU.ActiveCfg = Debug|Any CPU
		{8F62CA4F-B3E4-AAEC-6110-B38EDD992A21}.Debug|Any CPU.Build.0 = Debug|Any CPU
		{8F62CA4F-B3E4-AAEC-6110-B38EDD992A21}.Release|Any CPU.ActiveCfg = Release|Any CPU
		{8F62CA4F-B3E4-AAEC-6110-B38EDD992A21}.Release|Any CPU.Build.0 = Release|Any CPU
		{A15F5FAF-E48B-E6B5-6F91-9431C148F2E4}.Debug|Any CPU.ActiveCfg = Debug|Any CPU
		{A15F5FAF-E48B-E6B5-6F91-9431C148F2E4}.Debug|Any CPU.Build.0 = Debug|Any CPU
		{A15F5FAF-E48B-E6B5-6F91-9431C148F2E4}.Release|Any CPU.ActiveCfg = Release|Any CPU
		{A15F5FAF-E48B-E6B5-6F91-9431C148F2E4}.Release|Any CPU.Build.0 = Release|Any CPU
		{34169D1E-0EA9-24A5-E200-B18D3835FA40}.Debug|Any CPU.ActiveCfg = Debug|Any CPU
		{34169D1E-0EA9-24A5-E200-B18D3835FA40}.Debug|Any CPU.Build.0 = Debug|Any CPU
		{34169D1E-0EA9-24A5-E200-B18D3835FA40}.Release|Any CPU.ActiveCfg = Release|Any CPU
		{34169D1E-0EA9-24A5-E200-B18D3835FA40}.Release|Any CPU.Build.0 = Release|Any CPU
		{E764444D-A70E-50F3-B402-AF7DBF0B755A}.Debug|Any CPU.ActiveCfg = Debug|Any CPU
		{E764444D-A70E-50F3-B402-AF7DBF0B755A}.Debug|Any CPU.Build.0 = Debug|Any CPU
		{E764444D-A70E-50F3-B402-AF7DBF0B755A}.Release|Any CPU.ActiveCfg = Release|Any CPU
		{E764444D-A70E-50F3-B402-AF7DBF0B755A}.Release|Any CPU.Build.0 = Release|Any CPU
		{0E4D0396-5F6B-4420-9BD5-CFAEB1FCA2CB}.Debug|Any CPU.ActiveCfg = Debug|Any CPU
		{0E4D0396-5F6B-4420-9BD5-CFAEB1FCA2CB}.Debug|Any CPU.Build.0 = Debug|Any CPU
		{0E4D0396-5F6B-4420-9BD5-CFAEB1FCA2CB}.Release|Any CPU.ActiveCfg = Release|Any CPU
		{0E4D0396-5F6B-4420-9BD5-CFAEB1FCA2CB}.Release|Any CPU.Build.0 = Release|Any CPU
		{C4A01336-F050-79FD-D92E-55A0ABAD4D6C}.Debug|Any CPU.ActiveCfg = Debug|Any CPU
		{C4A01336-F050-79FD-D92E-55A0ABAD4D6C}.Debug|Any CPU.Build.0 = Debug|Any CPU
		{C4A01336-F050-79FD-D92E-55A0ABAD4D6C}.Release|Any CPU.ActiveCfg = Release|Any CPU
		{C4A01336-F050-79FD-D92E-55A0ABAD4D6C}.Release|Any CPU.Build.0 = Release|Any CPU
		{AC6C308C-32CD-F638-25E7-889A7668CA09}.Debug|Any CPU.ActiveCfg = Debug|Any CPU
		{AC6C308C-32CD-F638-25E7-889A7668CA09}.Debug|Any CPU.Build.0 = Debug|Any CPU
		{AC6C308C-32CD-F638-25E7-889A7668CA09}.Release|Any CPU.ActiveCfg = Release|Any CPU
		{AC6C308C-32CD-F638-25E7-889A7668CA09}.Release|Any CPU.Build.0 = Release|Any CPU
		{BAC4AEA0-DB08-C109-509F-F04C5AA5FB9E}.Debug|Any CPU.ActiveCfg = Debug|Any CPU
		{BAC4AEA0-DB08-C109-509F-F04C5AA5FB9E}.Debug|Any CPU.Build.0 = Debug|Any CPU
		{BAC4AEA0-DB08-C109-509F-F04C5AA5FB9E}.Release|Any CPU.ActiveCfg = Release|Any CPU
		{BAC4AEA0-DB08-C109-509F-F04C5AA5FB9E}.Release|Any CPU.Build.0 = Release|Any CPU
		{A324EDE9-8D4B-E471-1221-E80F1F116B5F}.Debug|Any CPU.ActiveCfg = Debug|Any CPU
		{A324EDE9-8D4B-E471-1221-E80F1F116B5F}.Debug|Any CPU.Build.0 = Debug|Any CPU
		{A324EDE9-8D4B-E471-1221-E80F1F116B5F}.Release|Any CPU.ActiveCfg = Release|Any CPU
		{A324EDE9-8D4B-E471-1221-E80F1F116B5F}.Release|Any CPU.Build.0 = Release|Any CPU
		{7A465456-7D9D-00BC-225D-81E0CF000401}.Debug|Any CPU.ActiveCfg = Debug|Any CPU
		{7A465456-7D9D-00BC-225D-81E0CF000401}.Debug|Any CPU.Build.0 = Debug|Any CPU
		{7A465456-7D9D-00BC-225D-81E0CF000401}.Release|Any CPU.ActiveCfg = Release|Any CPU
		{7A465456-7D9D-00BC-225D-81E0CF000401}.Release|Any CPU.Build.0 = Release|Any CPU
		{910BA9FD-BDB7-1824-8EF7-201D1B5E4290}.Debug|Any CPU.ActiveCfg = Debug|Any CPU
		{910BA9FD-BDB7-1824-8EF7-201D1B5E4290}.Debug|Any CPU.Build.0 = Debug|Any CPU
		{910BA9FD-BDB7-1824-8EF7-201D1B5E4290}.Release|Any CPU.ActiveCfg = Release|Any CPU
		{910BA9FD-BDB7-1824-8EF7-201D1B5E4290}.Release|Any CPU.Build.0 = Release|Any CPU
		{B6498ED5-DD4D-BACB-65F6-0EC41B1751E4}.Debug|Any CPU.ActiveCfg = Debug|Any CPU
		{B6498ED5-DD4D-BACB-65F6-0EC41B1751E4}.Debug|Any CPU.Build.0 = Debug|Any CPU
		{B6498ED5-DD4D-BACB-65F6-0EC41B1751E4}.Release|Any CPU.ActiveCfg = Release|Any CPU
		{B6498ED5-DD4D-BACB-65F6-0EC41B1751E4}.Release|Any CPU.Build.0 = Release|Any CPU
		{D3490257-2B66-DD08-FA94-FFA59F553207}.Debug|Any CPU.ActiveCfg = Debug|Any CPU
		{D3490257-2B66-DD08-FA94-FFA59F553207}.Debug|Any CPU.Build.0 = Debug|Any CPU
		{D3490257-2B66-DD08-FA94-FFA59F553207}.Release|Any CPU.ActiveCfg = Release|Any CPU
		{D3490257-2B66-DD08-FA94-FFA59F553207}.Release|Any CPU.Build.0 = Release|Any CPU
		{AC8D6377-B5D9-33C6-42D6-AF1516B93B13}.Debug|Any CPU.ActiveCfg = Debug|Any CPU
		{AC8D6377-B5D9-33C6-42D6-AF1516B93B13}.Debug|Any CPU.Build.0 = Debug|Any CPU
		{AC8D6377-B5D9-33C6-42D6-AF1516B93B13}.Release|Any CPU.ActiveCfg = Release|Any CPU
		{AC8D6377-B5D9-33C6-42D6-AF1516B93B13}.Release|Any CPU.Build.0 = Release|Any CPU
		{3CF21859-61B1-3498-2D7A-EAEEAE2F5E12}.Debug|Any CPU.ActiveCfg = Debug|Any CPU
		{3CF21859-61B1-3498-2D7A-EAEEAE2F5E12}.Debug|Any CPU.Build.0 = Debug|Any CPU
		{3CF21859-61B1-3498-2D7A-EAEEAE2F5E12}.Release|Any CPU.ActiveCfg = Release|Any CPU
		{3CF21859-61B1-3498-2D7A-EAEEAE2F5E12}.Release|Any CPU.Build.0 = Release|Any CPU
		{F84D00A9-5218-F022-46D2-E73F91FD0B28}.Debug|Any CPU.ActiveCfg = Debug|Any CPU
		{F84D00A9-5218-F022-46D2-E73F91FD0B28}.Debug|Any CPU.Build.0 = Debug|Any CPU
		{F84D00A9-5218-F022-46D2-E73F91FD0B28}.Release|Any CPU.ActiveCfg = Release|Any CPU
		{F84D00A9-5218-F022-46D2-E73F91FD0B28}.Release|Any CPU.Build.0 = Release|Any CPU
		{1B278EF8-B3A1-B2A5-EB9A-34197899BBBB}.Debug|Any CPU.ActiveCfg = Debug|Any CPU
		{1B278EF8-B3A1-B2A5-EB9A-34197899BBBB}.Debug|Any CPU.Build.0 = Debug|Any CPU
		{1B278EF8-B3A1-B2A5-EB9A-34197899BBBB}.Release|Any CPU.ActiveCfg = Release|Any CPU
		{1B278EF8-B3A1-B2A5-EB9A-34197899BBBB}.Release|Any CPU.Build.0 = Release|Any CPU
		{A704D870-70E2-79EC-2DCF-FB8B0FB45AFA}.Debug|Any CPU.ActiveCfg = Debug|Any CPU
		{A704D870-70E2-79EC-2DCF-FB8B0FB45AFA}.Debug|Any CPU.Build.0 = Debug|Any CPU
		{A704D870-70E2-79EC-2DCF-FB8B0FB45AFA}.Release|Any CPU.ActiveCfg = Release|Any CPU
		{A704D870-70E2-79EC-2DCF-FB8B0FB45AFA}.Release|Any CPU.Build.0 = Release|Any CPU
		{C8E67FA0-CFBA-4FF9-910C-8BBC1CBF905E}.Debug|Any CPU.ActiveCfg = Debug|Any CPU
		{C8E67FA0-CFBA-4FF9-910C-8BBC1CBF905E}.Debug|Any CPU.Build.0 = Debug|Any CPU
		{C8E67FA0-CFBA-4FF9-910C-8BBC1CBF905E}.Release|Any CPU.ActiveCfg = Release|Any CPU
		{C8E67FA0-CFBA-4FF9-910C-8BBC1CBF905E}.Release|Any CPU.Build.0 = Release|Any CPU
		{392C42A6-D931-7579-D5B2-C91F07921189}.Debug|Any CPU.ActiveCfg = Debug|Any CPU
		{392C42A6-D931-7579-D5B2-C91F07921189}.Debug|Any CPU.Build.0 = Debug|Any CPU
		{392C42A6-D931-7579-D5B2-C91F07921189}.Release|Any CPU.ActiveCfg = Release|Any CPU
		{392C42A6-D931-7579-D5B2-C91F07921189}.Release|Any CPU.Build.0 = Release|Any CPU
		{6B3A24DE-D03B-E90A-A2ED-A47593CAA272}.Debug|Any CPU.ActiveCfg = Debug|Any CPU
		{6B3A24DE-D03B-E90A-A2ED-A47593CAA272}.Debug|Any CPU.Build.0 = Debug|Any CPU
		{6B3A24DE-D03B-E90A-A2ED-A47593CAA272}.Release|Any CPU.ActiveCfg = Release|Any CPU
		{6B3A24DE-D03B-E90A-A2ED-A47593CAA272}.Release|Any CPU.Build.0 = Release|Any CPU
		{1833ECEF-A8DC-144E-988D-8440CB8DC2D5}.Debug|Any CPU.ActiveCfg = Debug|Any CPU
		{1833ECEF-A8DC-144E-988D-8440CB8DC2D5}.Debug|Any CPU.Build.0 = Debug|Any CPU
		{1833ECEF-A8DC-144E-988D-8440CB8DC2D5}.Release|Any CPU.ActiveCfg = Release|Any CPU
		{1833ECEF-A8DC-144E-988D-8440CB8DC2D5}.Release|Any CPU.Build.0 = Release|Any CPU
		{90057E05-3A5C-FE57-7402-B9266E924553}.Debug|Any CPU.ActiveCfg = Debug|Any CPU
		{90057E05-3A5C-FE57-7402-B9266E924553}.Debug|Any CPU.Build.0 = Debug|Any CPU
		{90057E05-3A5C-FE57-7402-B9266E924553}.Release|Any CPU.ActiveCfg = Release|Any CPU
		{90057E05-3A5C-FE57-7402-B9266E924553}.Release|Any CPU.Build.0 = Release|Any CPU
		{5D9AACB2-F094-28C0-B95F-DD99DD40FED5}.Debug|Any CPU.ActiveCfg = Debug|Any CPU
		{5D9AACB2-F094-28C0-B95F-DD99DD40FED5}.Debug|Any CPU.Build.0 = Debug|Any CPU
		{5D9AACB2-F094-28C0-B95F-DD99DD40FED5}.Release|Any CPU.ActiveCfg = Release|Any CPU
		{5D9AACB2-F094-28C0-B95F-DD99DD40FED5}.Release|Any CPU.Build.0 = Release|Any CPU
		{AF8395BB-6874-5FB2-1E0A-5CDEE895BE98}.Debug|Any CPU.ActiveCfg = Debug|Any CPU
		{AF8395BB-6874-5FB2-1E0A-5CDEE895BE98}.Debug|Any CPU.Build.0 = Debug|Any CPU
		{AF8395BB-6874-5FB2-1E0A-5CDEE895BE98}.Release|Any CPU.ActiveCfg = Release|Any CPU
		{AF8395BB-6874-5FB2-1E0A-5CDEE895BE98}.Release|Any CPU.Build.0 = Release|Any CPU
		{86C688DE-FC2B-5472-FBDB-1E77E314B6CD}.Debug|Any CPU.ActiveCfg = Debug|Any CPU
		{86C688DE-FC2B-5472-FBDB-1E77E314B6CD}.Debug|Any CPU.Build.0 = Debug|Any CPU
		{86C688DE-FC2B-5472-FBDB-1E77E314B6CD}.Release|Any CPU.ActiveCfg = Release|Any CPU
		{86C688DE-FC2B-5472-FBDB-1E77E314B6CD}.Release|Any CPU.Build.0 = Release|Any CPU
		{36620239-D64F-7609-EE76-9AE7CFD02123}.Debug|Any CPU.ActiveCfg = Debug|Any CPU
		{36620239-D64F-7609-EE76-9AE7CFD02123}.Debug|Any CPU.Build.0 = Debug|Any CPU
		{36620239-D64F-7609-EE76-9AE7CFD02123}.Release|Any CPU.ActiveCfg = Release|Any CPU
		{36620239-D64F-7609-EE76-9AE7CFD02123}.Release|Any CPU.Build.0 = Release|Any CPU
		{43C46941-6D66-5648-E303-D006B77D505D}.Debug|Any CPU.ActiveCfg = Debug|Any CPU
		{43C46941-6D66-5648-E303-D006B77D505D}.Debug|Any CPU.Build.0 = Debug|Any CPU
		{43C46941-6D66-5648-E303-D006B77D505D}.Release|Any CPU.ActiveCfg = Release|Any CPU
		{43C46941-6D66-5648-E303-D006B77D505D}.Release|Any CPU.Build.0 = Release|Any CPU
		{F875FA40-BFCB-DD51-CAC7-DD230B016E47}.Debug|Any CPU.ActiveCfg = Debug|Any CPU
		{F875FA40-BFCB-DD51-CAC7-DD230B016E47}.Debug|Any CPU.Build.0 = Debug|Any CPU
		{F875FA40-BFCB-DD51-CAC7-DD230B016E47}.Release|Any CPU.ActiveCfg = Release|Any CPU
		{F875FA40-BFCB-DD51-CAC7-DD230B016E47}.Release|Any CPU.Build.0 = Release|Any CPU
		{5370CC2C-F86B-D101-2EB8-92BDA1B6A3E3}.Debug|Any CPU.ActiveCfg = Debug|Any CPU
		{5370CC2C-F86B-D101-2EB8-92BDA1B6A3E3}.Debug|Any CPU.Build.0 = Debug|Any CPU
		{5370CC2C-F86B-D101-2EB8-92BDA1B6A3E3}.Release|Any CPU.ActiveCfg = Release|Any CPU
		{5370CC2C-F86B-D101-2EB8-92BDA1B6A3E3}.Release|Any CPU.Build.0 = Release|Any CPU
		{28559DDC-E36F-34DF-6C7E-3C598060F534}.Debug|Any CPU.ActiveCfg = Debug|Any CPU
		{28559DDC-E36F-34DF-6C7E-3C598060F534}.Debug|Any CPU.Build.0 = Debug|Any CPU
		{28559DDC-E36F-34DF-6C7E-3C598060F534}.Release|Any CPU.ActiveCfg = Release|Any CPU
		{28559DDC-E36F-34DF-6C7E-3C598060F534}.Release|Any CPU.Build.0 = Release|Any CPU
		{C53FEF0B-2D8C-0639-C0CD-F9F17B9513F4}.Debug|Any CPU.ActiveCfg = Debug|Any CPU
		{C53FEF0B-2D8C-0639-C0CD-F9F17B9513F4}.Debug|Any CPU.Build.0 = Debug|Any CPU
		{C53FEF0B-2D8C-0639-C0CD-F9F17B9513F4}.Release|Any CPU.ActiveCfg = Release|Any CPU
		{C53FEF0B-2D8C-0639-C0CD-F9F17B9513F4}.Release|Any CPU.Build.0 = Release|Any CPU
		{2DA5B643-54CB-60AF-766E-EFA7A3153255}.Debug|Any CPU.ActiveCfg = Debug|Any CPU
		{2DA5B643-54CB-60AF-766E-EFA7A3153255}.Debug|Any CPU.Build.0 = Debug|Any CPU
		{2DA5B643-54CB-60AF-766E-EFA7A3153255}.Release|Any CPU.ActiveCfg = Release|Any CPU
		{2DA5B643-54CB-60AF-766E-EFA7A3153255}.Release|Any CPU.Build.0 = Release|Any CPU
		{1CB656FA-A68B-0E9D-D816-1997D2A4A3A8}.Debug|Any CPU.ActiveCfg = Debug|Any CPU
		{1CB656FA-A68B-0E9D-D816-1997D2A4A3A8}.Debug|Any CPU.Build.0 = Debug|Any CPU
		{1CB656FA-A68B-0E9D-D816-1997D2A4A3A8}.Release|Any CPU.ActiveCfg = Release|Any CPU
		{1CB656FA-A68B-0E9D-D816-1997D2A4A3A8}.Release|Any CPU.Build.0 = Release|Any CPU
		{9589D748-4A76-EF81-F3E6-E93F7C814CAF}.Debug|Any CPU.ActiveCfg = Debug|Any CPU
		{9589D748-4A76-EF81-F3E6-E93F7C814CAF}.Debug|Any CPU.Build.0 = Debug|Any CPU
		{9589D748-4A76-EF81-F3E6-E93F7C814CAF}.Release|Any CPU.ActiveCfg = Release|Any CPU
		{9589D748-4A76-EF81-F3E6-E93F7C814CAF}.Release|Any CPU.Build.0 = Release|Any CPU
		{F29F8B5F-57CF-E830-628C-B194D36283C9}.Debug|Any CPU.ActiveCfg = Debug|Any CPU
		{F29F8B5F-57CF-E830-628C-B194D36283C9}.Debug|Any CPU.Build.0 = Debug|Any CPU
		{F29F8B5F-57CF-E830-628C-B194D36283C9}.Release|Any CPU.ActiveCfg = Release|Any CPU
		{F29F8B5F-57CF-E830-628C-B194D36283C9}.Release|Any CPU.Build.0 = Release|Any CPU
		{DF89CBDD-941B-EC25-A9BD-E498C6713E8C}.Debug|Any CPU.ActiveCfg = Debug|Any CPU
		{DF89CBDD-941B-EC25-A9BD-E498C6713E8C}.Debug|Any CPU.Build.0 = Debug|Any CPU
		{DF89CBDD-941B-EC25-A9BD-E498C6713E8C}.Release|Any CPU.ActiveCfg = Release|Any CPU
		{DF89CBDD-941B-EC25-A9BD-E498C6713E8C}.Release|Any CPU.Build.0 = Release|Any CPU
		{2D112EBC-00A8-9A0B-5414-F8F0152C54E9}.Debug|Any CPU.ActiveCfg = Debug|Any CPU
		{2D112EBC-00A8-9A0B-5414-F8F0152C54E9}.Debug|Any CPU.Build.0 = Debug|Any CPU
		{2D112EBC-00A8-9A0B-5414-F8F0152C54E9}.Release|Any CPU.ActiveCfg = Release|Any CPU
		{2D112EBC-00A8-9A0B-5414-F8F0152C54E9}.Release|Any CPU.Build.0 = Release|Any CPU
		{0DCEBAF5-EB66-56A4-43A2-51BABE9362A4}.Debug|Any CPU.ActiveCfg = Debug|Any CPU
		{0DCEBAF5-EB66-56A4-43A2-51BABE9362A4}.Debug|Any CPU.Build.0 = Debug|Any CPU
		{0DCEBAF5-EB66-56A4-43A2-51BABE9362A4}.Release|Any CPU.ActiveCfg = Release|Any CPU
		{0DCEBAF5-EB66-56A4-43A2-51BABE9362A4}.Release|Any CPU.Build.0 = Release|Any CPU
		{CA0F9AA2-F033-31FD-D290-AFD12A29CDA1}.Debug|Any CPU.ActiveCfg = Debug|Any CPU
		{CA0F9AA2-F033-31FD-D290-AFD12A29CDA1}.Debug|Any CPU.Build.0 = Debug|Any CPU
		{CA0F9AA2-F033-31FD-D290-AFD12A29CDA1}.Release|Any CPU.ActiveCfg = Release|Any CPU
		{CA0F9AA2-F033-31FD-D290-AFD12A29CDA1}.Release|Any CPU.Build.0 = Release|Any CPU
		{6D6F1E83-1090-16C9-7074-EADBA3A7488C}.Debug|Any CPU.ActiveCfg = Debug|Any CPU
		{6D6F1E83-1090-16C9-7074-EADBA3A7488C}.Debug|Any CPU.Build.0 = Debug|Any CPU
		{6D6F1E83-1090-16C9-7074-EADBA3A7488C}.Release|Any CPU.ActiveCfg = Release|Any CPU
		{6D6F1E83-1090-16C9-7074-EADBA3A7488C}.Release|Any CPU.Build.0 = Release|Any CPU
		{159EDBD1-4C93-4BCA-57FB-4406D21CA061}.Debug|Any CPU.ActiveCfg = Debug|Any CPU
		{159EDBD1-4C93-4BCA-57FB-4406D21CA061}.Debug|Any CPU.Build.0 = Debug|Any CPU
		{159EDBD1-4C93-4BCA-57FB-4406D21CA061}.Release|Any CPU.ActiveCfg = Release|Any CPU
		{159EDBD1-4C93-4BCA-57FB-4406D21CA061}.Release|Any CPU.Build.0 = Release|Any CPU
		{2E956D46-D700-F4A3-509A-9B889920A190}.Debug|Any CPU.ActiveCfg = Debug|Any CPU
		{2E956D46-D700-F4A3-509A-9B889920A190}.Debug|Any CPU.Build.0 = Debug|Any CPU
		{2E956D46-D700-F4A3-509A-9B889920A190}.Release|Any CPU.ActiveCfg = Release|Any CPU
		{2E956D46-D700-F4A3-509A-9B889920A190}.Release|Any CPU.Build.0 = Release|Any CPU
		{B9DCA198-C79B-24BE-DE21-CC761E34110D}.Debug|Any CPU.ActiveCfg = Debug|Any CPU
		{B9DCA198-C79B-24BE-DE21-CC761E34110D}.Debug|Any CPU.Build.0 = Debug|Any CPU
		{B9DCA198-C79B-24BE-DE21-CC761E34110D}.Release|Any CPU.ActiveCfg = Release|Any CPU
		{B9DCA198-C79B-24BE-DE21-CC761E34110D}.Release|Any CPU.Build.0 = Release|Any CPU
		{EEADEB6B-3B69-AB6C-AE92-6AF5E901BA42}.Debug|Any CPU.ActiveCfg = Debug|Any CPU
		{EEADEB6B-3B69-AB6C-AE92-6AF5E901BA42}.Debug|Any CPU.Build.0 = Debug|Any CPU
		{EEADEB6B-3B69-AB6C-AE92-6AF5E901BA42}.Release|Any CPU.ActiveCfg = Release|Any CPU
		{EEADEB6B-3B69-AB6C-AE92-6AF5E901BA42}.Release|Any CPU.Build.0 = Release|Any CPU
	EndGlobalSection
	GlobalSection(SolutionProperties) = preSolution
		HideSolutionNode = FALSE
	EndGlobalSection
	GlobalSection(NestedProjects) = preSolution
		{D272F246-5BA5-448E-EF95-9F656E321FD4} = {B8031A34-B0AE-8DE2-16B1-DD24E562D97B}
		{7EEEE8E4-5522-FA34-BD3A-4EE5AF94D8A2} = {D272F246-5BA5-448E-EF95-9F656E321FD4}
		{A27658AE-290E-D8D3-0780-07E1A9DB45FF} = {D272F246-5BA5-448E-EF95-9F656E321FD4}
		{8F62CA4F-B3E4-AAEC-6110-B38EDD992A21} = {D272F246-5BA5-448E-EF95-9F656E321FD4}
		{A15F5FAF-E48B-E6B5-6F91-9431C148F2E4} = {D272F246-5BA5-448E-EF95-9F656E321FD4}
		{34169D1E-0EA9-24A5-E200-B18D3835FA40} = {D272F246-5BA5-448E-EF95-9F656E321FD4}
		{7C96D685-FCFA-954C-23CA-132BD53C2752} = {B8031A34-B0AE-8DE2-16B1-DD24E562D97B}
		{E764444D-A70E-50F3-B402-AF7DBF0B755A} = {7C96D685-FCFA-954C-23CA-132BD53C2752}
		{0E4D0396-5F6B-4420-9BD5-CFAEB1FCA2CB} = {7C96D685-FCFA-954C-23CA-132BD53C2752}
		{C4A01336-F050-79FD-D92E-55A0ABAD4D6C} = {7C96D685-FCFA-954C-23CA-132BD53C2752}
		{AC6C308C-32CD-F638-25E7-889A7668CA09} = {7C96D685-FCFA-954C-23CA-132BD53C2752}
		{74B04D3F-27BD-C251-1C92-4C095C6E30DC} = {B8031A34-B0AE-8DE2-16B1-DD24E562D97B}
		{BAC4AEA0-DB08-C109-509F-F04C5AA5FB9E} = {74B04D3F-27BD-C251-1C92-4C095C6E30DC}
		{A324EDE9-8D4B-E471-1221-E80F1F116B5F} = {74B04D3F-27BD-C251-1C92-4C095C6E30DC}
		{7A465456-7D9D-00BC-225D-81E0CF000401} = {74B04D3F-27BD-C251-1C92-4C095C6E30DC}
		{910BA9FD-BDB7-1824-8EF7-201D1B5E4290} = {74B04D3F-27BD-C251-1C92-4C095C6E30DC}
		{EE518D22-80C2-9416-A2AE-C9034F5999C8} = {B8031A34-B0AE-8DE2-16B1-DD24E562D97B}
		{B6498ED5-DD4D-BACB-65F6-0EC41B1751E4} = {EE518D22-80C2-9416-A2AE-C9034F5999C8}
		{D3490257-2B66-DD08-FA94-FFA59F553207} = {EE518D22-80C2-9416-A2AE-C9034F5999C8}
		{AC8D6377-B5D9-33C6-42D6-AF1516B93B13} = {EE518D22-80C2-9416-A2AE-C9034F5999C8}
		{3CF21859-61B1-3498-2D7A-EAEEAE2F5E12} = {EE518D22-80C2-9416-A2AE-C9034F5999C8}
		{F84D00A9-5218-F022-46D2-E73F91FD0B28} = {EE518D22-80C2-9416-A2AE-C9034F5999C8}
		{1B278EF8-B3A1-B2A5-EB9A-34197899BBBB} = {EE518D22-80C2-9416-A2AE-C9034F5999C8}
		{2900E32E-50B6-EB50-67F4-4BA35538B39F} = {B8031A34-B0AE-8DE2-16B1-DD24E562D97B}
		{A704D870-70E2-79EC-2DCF-FB8B0FB45AFA} = {2900E32E-50B6-EB50-67F4-4BA35538B39F}
		{C8E67FA0-CFBA-4FF9-910C-8BBC1CBF905E} = {2900E32E-50B6-EB50-67F4-4BA35538B39F}
		{392C42A6-D931-7579-D5B2-C91F07921189} = {2900E32E-50B6-EB50-67F4-4BA35538B39F}
		{6B3A24DE-D03B-E90A-A2ED-A47593CAA272} = {2900E32E-50B6-EB50-67F4-4BA35538B39F}
		{1833ECEF-A8DC-144E-988D-8440CB8DC2D5} = {2900E32E-50B6-EB50-67F4-4BA35538B39F}
		{EA163C4F-BFAF-52F2-0387-748D1E51EAB5} = {0DDFEE7A-7BCD-3041-7B42-1A6119DEFF0B}
		{90057E05-3A5C-FE57-7402-B9266E924553} = {EA163C4F-BFAF-52F2-0387-748D1E51EAB5}
		{5D9AACB2-F094-28C0-B95F-DD99DD40FED5} = {EA163C4F-BFAF-52F2-0387-748D1E51EAB5}
		{AF8395BB-6874-5FB2-1E0A-5CDEE895BE98} = {EA163C4F-BFAF-52F2-0387-748D1E51EAB5}
		{86C688DE-FC2B-5472-FBDB-1E77E314B6CD} = {EA163C4F-BFAF-52F2-0387-748D1E51EAB5}
		{36620239-D64F-7609-EE76-9AE7CFD02123} = {EA163C4F-BFAF-52F2-0387-748D1E51EAB5}
		{70EE7B51-9E3A-2FFC-4F57-5B83D94AB309} = {0DDFEE7A-7BCD-3041-7B42-1A6119DEFF0B}
		{43C46941-6D66-5648-E303-D006B77D505D} = {70EE7B51-9E3A-2FFC-4F57-5B83D94AB309}
		{F875FA40-BFCB-DD51-CAC7-DD230B016E47} = {70EE7B51-9E3A-2FFC-4F57-5B83D94AB309}
		{5370CC2C-F86B-D101-2EB8-92BDA1B6A3E3} = {70EE7B51-9E3A-2FFC-4F57-5B83D94AB309}
		{28559DDC-E36F-34DF-6C7E-3C598060F534} = {70EE7B51-9E3A-2FFC-4F57-5B83D94AB309}
		{BA45FF27-446C-0A3A-3AE8-485EA8E02CF7} = {0DDFEE7A-7BCD-3041-7B42-1A6119DEFF0B}
		{C53FEF0B-2D8C-0639-C0CD-F9F17B9513F4} = {BA45FF27-446C-0A3A-3AE8-485EA8E02CF7}
		{2DA5B643-54CB-60AF-766E-EFA7A3153255} = {BA45FF27-446C-0A3A-3AE8-485EA8E02CF7}
		{1CB656FA-A68B-0E9D-D816-1997D2A4A3A8} = {BA45FF27-446C-0A3A-3AE8-485EA8E02CF7}
		{F67DFE42-1881-2D64-E576-4D6212999C62} = {0DDFEE7A-7BCD-3041-7B42-1A6119DEFF0B}
		{9589D748-4A76-EF81-F3E6-E93F7C814CAF} = {F67DFE42-1881-2D64-E576-4D6212999C62}
		{F29F8B5F-57CF-E830-628C-B194D36283C9} = {F67DFE42-1881-2D64-E576-4D6212999C62}
		{DF89CBDD-941B-EC25-A9BD-E498C6713E8C} = {F67DFE42-1881-2D64-E576-4D6212999C62}
		{2D112EBC-00A8-9A0B-5414-F8F0152C54E9} = {F67DFE42-1881-2D64-E576-4D6212999C62}
		{0DCEBAF5-EB66-56A4-43A2-51BABE9362A4} = {F67DFE42-1881-2D64-E576-4D6212999C62}
		{CA0F9AA2-F033-31FD-D290-AFD12A29CDA1} = {F67DFE42-1881-2D64-E576-4D6212999C62}
		{4FCF4C49-E008-93BA-6C5E-BB5EA5D2A8FA} = {0DDFEE7A-7BCD-3041-7B42-1A6119DEFF0B}
		{6D6F1E83-1090-16C9-7074-EADBA3A7488C} = {4FCF4C49-E008-93BA-6C5E-BB5EA5D2A8FA}
		{159EDBD1-4C93-4BCA-57FB-4406D21CA061} = {4FCF4C49-E008-93BA-6C5E-BB5EA5D2A8FA}
		{2E956D46-D700-F4A3-509A-9B889920A190} = {4FCF4C49-E008-93BA-6C5E-BB5EA5D2A8FA}
		{B9DCA198-C79B-24BE-DE21-CC761E34110D} = {4FCF4C49-E008-93BA-6C5E-BB5EA5D2A8FA}
		{EEADEB6B-3B69-AB6C-AE92-6AF5E901BA42} = {4FCF4C49-E008-93BA-6C5E-BB5EA5D2A8FA}
	EndGlobalSection
	GlobalSection(ExtensibilityGlobals) = postSolution
		SolutionGuid = {30D57A99-0127-4BFA-A8C7-1BA9772DD552}
	EndGlobalSection
EndGlobal
